// !$*UTF8*$!
{
	archiveVersion = 1;
	classes = {
	};
	objectVersion = 50;
	objects = {

/* Begin PBXBuildFile section */
		BDE47E4722B540F0003511C5 /* AppDelegate.swift in Sources */ = {isa = PBXBuildFile; fileRef = BDE47E4622B540F0003511C5 /* AppDelegate.swift */; };
		BDE47E4922B540F0003511C5 /* SceneDelegate.swift in Sources */ = {isa = PBXBuildFile; fileRef = BDE47E4822B540F0003511C5 /* SceneDelegate.swift */; };
		BDE47E4B22B540F0003511C5 /* GridController.swift in Sources */ = {isa = PBXBuildFile; fileRef = BDE47E4A22B540F0003511C5 /* GridController.swift */; };
		BDE47E4E22B540F0003511C5 /* Main.storyboard in Resources */ = {isa = PBXBuildFile; fileRef = BDE47E4C22B540F0003511C5 /* Main.storyboard */; };
		BDE47E5022B540F1003511C5 /* Assets.xcassets in Resources */ = {isa = PBXBuildFile; fileRef = BDE47E4F22B540F1003511C5 /* Assets.xcassets */; };
		BDE47E5322B540F1003511C5 /* LaunchScreen.storyboard in Resources */ = {isa = PBXBuildFile; fileRef = BDE47E5122B540F1003511C5 /* LaunchScreen.storyboard */; };
		BDE47E5B22B54BC0003511C5 /* BaseCell.swift in Sources */ = {isa = PBXBuildFile; fileRef = BDE47E5A22B54BC0003511C5 /* BaseCell.swift */; };
		BDE47E5F22B55C50003511C5 /* DistinctSectionsController.swift in Sources */ = {isa = PBXBuildFile; fileRef = BDE47E5E22B55C50003511C5 /* DistinctSectionsController.swift */; };
		BDE47E6122B565CF003511C5 /* CollectionViewwithBadgeController.swift in Sources */ = {isa = PBXBuildFile; fileRef = BDE47E6022B565CF003511C5 /* CollectionViewwithBadgeController.swift */; };
		BDE47E6322B56889003511C5 /* BadgeCell.swift in Sources */ = {isa = PBXBuildFile; fileRef = BDE47E6222B56889003511C5 /* BadgeCell.swift */; };
		BDE47E6522B57115003511C5 /* NestedGroupController.swift in Sources */ = {isa = PBXBuildFile; fileRef = BDE47E6422B57115003511C5 /* NestedGroupController.swift */; };
/* End PBXBuildFile section */

/* Begin PBXFileReference section */
		BDE47E4322B540F0003511C5 /* CollectionViewCompositionalLayout.app */ = {isa = PBXFileReference; explicitFileType = wrapper.application; includeInIndex = 0; path = CollectionViewCompositionalLayout.app; sourceTree = BUILT_PRODUCTS_DIR; };
		BDE47E4622B540F0003511C5 /* AppDelegate.swift */ = {isa = PBXFileReference; lastKnownFileType = sourcecode.swift; path = AppDelegate.swift; sourceTree = "<group>"; };
		BDE47E4822B540F0003511C5 /* SceneDelegate.swift */ = {isa = PBXFileReference; lastKnownFileType = sourcecode.swift; path = SceneDelegate.swift; sourceTree = "<group>"; };
		BDE47E4A22B540F0003511C5 /* GridController.swift */ = {isa = PBXFileReference; lastKnownFileType = sourcecode.swift; path = GridController.swift; sourceTree = "<group>"; };
		BDE47E4D22B540F0003511C5 /* Base */ = {isa = PBXFileReference; lastKnownFileType = file.storyboard; name = Base; path = Base.lproj/Main.storyboard; sourceTree = "<group>"; };
		BDE47E4F22B540F1003511C5 /* Assets.xcassets */ = {isa = PBXFileReference; lastKnownFileType = folder.assetcatalog; path = Assets.xcassets; sourceTree = "<group>"; };
		BDE47E5222B540F1003511C5 /* Base */ = {isa = PBXFileReference; lastKnownFileType = file.storyboard; name = Base; path = Base.lproj/LaunchScreen.storyboard; sourceTree = "<group>"; };
		BDE47E5422B540F1003511C5 /* Info.plist */ = {isa = PBXFileReference; lastKnownFileType = text.plist.xml; path = Info.plist; sourceTree = "<group>"; };
		BDE47E5A22B54BC0003511C5 /* BaseCell.swift */ = {isa = PBXFileReference; lastKnownFileType = sourcecode.swift; path = BaseCell.swift; sourceTree = "<group>"; };
		BDE47E5E22B55C50003511C5 /* DistinctSectionsController.swift */ = {isa = PBXFileReference; lastKnownFileType = sourcecode.swift; path = DistinctSectionsController.swift; sourceTree = "<group>"; };
		BDE47E6022B565CF003511C5 /* CollectionViewwithBadgeController.swift */ = {isa = PBXFileReference; lastKnownFileType = sourcecode.swift; path = CollectionViewwithBadgeController.swift; sourceTree = "<group>"; };
		BDE47E6222B56889003511C5 /* BadgeCell.swift */ = {isa = PBXFileReference; lastKnownFileType = sourcecode.swift; path = BadgeCell.swift; sourceTree = "<group>"; };
		BDE47E6422B57115003511C5 /* NestedGroupController.swift */ = {isa = PBXFileReference; lastKnownFileType = sourcecode.swift; path = NestedGroupController.swift; sourceTree = "<group>"; };
/* End PBXFileReference section */

/* Begin PBXFrameworksBuildPhase section */
		BDE47E4022B540F0003511C5 /* Frameworks */ = {
			isa = PBXFrameworksBuildPhase;
			buildActionMask = 2147483647;
			files = (
			);
			runOnlyForDeploymentPostprocessing = 0;
		};
/* End PBXFrameworksBuildPhase section */

/* Begin PBXGroup section */
		BDE47E3A22B540F0003511C5 = {
			isa = PBXGroup;
			children = (
				BDE47E4522B540F0003511C5 /* CollectionViewCompositionalLayout */,
				BDE47E4422B540F0003511C5 /* Products */,
			);
			sourceTree = "<group>";
		};
		BDE47E4422B540F0003511C5 /* Products */ = {
			isa = PBXGroup;
			children = (
				BDE47E4322B540F0003511C5 /* CollectionViewCompositionalLayout.app */,
			);
			name = Products;
			sourceTree = "<group>";
		};
		BDE47E4522B540F0003511C5 /* CollectionViewCompositionalLayout */ = {
			isa = PBXGroup;
			children = (
				BDE47E4622B540F0003511C5 /* AppDelegate.swift */,
				BDE47E4822B540F0003511C5 /* SceneDelegate.swift */,
				BDE47E4A22B540F0003511C5 /* GridController.swift */,
				BDE47E5E22B55C50003511C5 /* DistinctSectionsController.swift */,
				BDE47E6022B565CF003511C5 /* CollectionViewwithBadgeController.swift */,
				BDE47E6422B57115003511C5 /* NestedGroupController.swift */,
				BDE47E5A22B54BC0003511C5 /* BaseCell.swift */,
				BDE47E6222B56889003511C5 /* BadgeCell.swift */,
				BDE47E4C22B540F0003511C5 /* Main.storyboard */,
				BDE47E4F22B540F1003511C5 /* Assets.xcassets */,
				BDE47E5122B540F1003511C5 /* LaunchScreen.storyboard */,
				BDE47E5422B540F1003511C5 /* Info.plist */,
			);
			path = CollectionViewCompositionalLayout;
			sourceTree = "<group>";
		};
/* End PBXGroup section */

/* Begin PBXNativeTarget section */
		BDE47E4222B540F0003511C5 /* CollectionViewCompositionalLayout */ = {
			isa = PBXNativeTarget;
			buildConfigurationList = BDE47E5722B540F1003511C5 /* Build configuration list for PBXNativeTarget "CollectionViewCompositionalLayout" */;
			buildPhases = (
				BDE47E3F22B540F0003511C5 /* Sources */,
				BDE47E4022B540F0003511C5 /* Frameworks */,
				BDE47E4122B540F0003511C5 /* Resources */,
			);
			buildRules = (
			);
			dependencies = (
			);
			name = CollectionViewCompositionalLayout;
			productName = CollectionViewCompositionalLayout;
			productReference = BDE47E4322B540F0003511C5 /* CollectionViewCompositionalLayout.app */;
			productType = "com.apple.product-type.application";
		};
/* End PBXNativeTarget section */

/* Begin PBXProject section */
		BDE47E3B22B540F0003511C5 /* Project object */ = {
			isa = PBXProject;
			attributes = {
				LastSwiftUpdateCheck = 1100;
				LastUpgradeCheck = 1100;
				ORGANIZATIONNAME = "Viswa Kodela";
				TargetAttributes = {
					BDE47E4222B540F0003511C5 = {
						CreatedOnToolsVersion = 11.0;
					};
				};
			};
			buildConfigurationList = BDE47E3E22B540F0003511C5 /* Build configuration list for PBXProject "CollectionViewCompositionalLayout" */;
			compatibilityVersion = "Xcode 9.3";
			developmentRegion = en;
			hasScannedForEncodings = 0;
			knownRegions = (
				en,
				Base,
			);
			mainGroup = BDE47E3A22B540F0003511C5;
			productRefGroup = BDE47E4422B540F0003511C5 /* Products */;
			projectDirPath = "";
			projectRoot = "";
			targets = (
				BDE47E4222B540F0003511C5 /* CollectionViewCompositionalLayout */,
			);
		};
/* End PBXProject section */

/* Begin PBXResourcesBuildPhase section */
		BDE47E4122B540F0003511C5 /* Resources */ = {
			isa = PBXResourcesBuildPhase;
			buildActionMask = 2147483647;
			files = (
				BDE47E5322B540F1003511C5 /* LaunchScreen.storyboard in Resources */,
				BDE47E5022B540F1003511C5 /* Assets.xcassets in Resources */,
				BDE47E4E22B540F0003511C5 /* Main.storyboard in Resources */,
			);
			runOnlyForDeploymentPostprocessing = 0;
		};
/* End PBXResourcesBuildPhase section */

/* Begin PBXSourcesBuildPhase section */
		BDE47E3F22B540F0003511C5 /* Sources */ = {
			isa = PBXSourcesBuildPhase;
			buildActionMask = 2147483647;
			files = (
				BDE47E6122B565CF003511C5 /* CollectionViewwithBadgeController.swift in Sources */,
				BDE47E5B22B54BC0003511C5 /* BaseCell.swift in Sources */,
				BDE47E6522B57115003511C5 /* NestedGroupController.swift in Sources */,
				BDE47E4B22B540F0003511C5 /* GridController.swift in Sources */,
				BDE47E4722B540F0003511C5 /* AppDelegate.swift in Sources */,
				BDE47E5F22B55C50003511C5 /* DistinctSectionsController.swift in Sources */,
				BDE47E4922B540F0003511C5 /* SceneDelegate.swift in Sources */,
				BDE47E6322B56889003511C5 /* BadgeCell.swift in Sources */,
			);
			runOnlyForDeploymentPostprocessing = 0;
		};
/* End PBXSourcesBuildPhase section */

/* Begin PBXVariantGroup section */
		BDE47E4C22B540F0003511C5 /* Main.storyboard */ = {
			isa = PBXVariantGroup;
			children = (
				BDE47E4D22B540F0003511C5 /* Base */,
			);
			name = Main.storyboard;
			sourceTree = "<group>";
		};
		BDE47E5122B540F1003511C5 /* LaunchScreen.storyboard */ = {
			isa = PBXVariantGroup;
			children = (
				BDE47E5222B540F1003511C5 /* Base */,
			);
			name = LaunchScreen.storyboard;
			sourceTree = "<group>";
		};
/* End PBXVariantGroup section */

/* Begin XCBuildConfiguration section */
		BDE47E5522B540F1003511C5 /* Debug */ = {
			isa = XCBuildConfiguration;
			buildSettings = {
				ALWAYS_SEARCH_USER_PATHS = NO;
				CLANG_ANALYZER_NONNULL = YES;
				CLANG_ANALYZER_NUMBER_OBJECT_CONVERSION = YES_AGGRESSIVE;
				CLANG_CXX_LANGUAGE_STANDARD = "gnu++14";
				CLANG_CXX_LIBRARY = "libc++";
				CLANG_ENABLE_MODULES = YES;
				CLANG_ENABLE_OBJC_ARC = YES;
				CLANG_ENABLE_OBJC_WEAK = YES;
				CLANG_WARN_BLOCK_CAPTURE_AUTORELEASING = YES;
				CLANG_WARN_BOOL_CONVERSION = YES;
				CLANG_WARN_COMMA = YES;
				CLANG_WARN_CONSTANT_CONVERSION = YES;
				CLANG_WARN_DEPRECATED_OBJC_IMPLEMENTATIONS = YES;
				CLANG_WARN_DIRECT_OBJC_ISA_USAGE = YES_ERROR;
				CLANG_WARN_DOCUMENTATION_COMMENTS = YES;
				CLANG_WARN_EMPTY_BODY = YES;
				CLANG_WARN_ENUM_CONVERSION = YES;
				CLANG_WARN_INFINITE_RECURSION = YES;
				CLANG_WARN_INT_CONVERSION = YES;
				CLANG_WARN_NON_LITERAL_NULL_CONVERSION = YES;
				CLANG_WARN_OBJC_IMPLICIT_RETAIN_SELF = YES;
				CLANG_WARN_OBJC_LITERAL_CONVERSION = YES;
				CLANG_WARN_OBJC_ROOT_CLASS = YES_ERROR;
				CLANG_WARN_RANGE_LOOP_ANALYSIS = YES;
				CLANG_WARN_STRICT_PROTOTYPES = YES;
				CLANG_WARN_SUSPICIOUS_MOVE = YES;
				CLANG_WARN_UNGUARDED_AVAILABILITY = YES_AGGRESSIVE;
				CLANG_WARN_UNREACHABLE_CODE = YES;
				CLANG_WARN__DUPLICATE_METHOD_MATCH = YES;
				COPY_PHASE_STRIP = NO;
				DEBUG_INFORMATION_FORMAT = dwarf;
				ENABLE_STRICT_OBJC_MSGSEND = YES;
				ENABLE_TESTABILITY = YES;
				GCC_C_LANGUAGE_STANDARD = gnu11;
				GCC_DYNAMIC_NO_PIC = NO;
				GCC_NO_COMMON_BLOCKS = YES;
				GCC_OPTIMIZATION_LEVEL = 0;
				GCC_PREPROCESSOR_DEFINITIONS = (
					"DEBUG=1",
					"$(inherited)",
				);
				GCC_WARN_64_TO_32_BIT_CONVERSION = YES;
				GCC_WARN_ABOUT_RETURN_TYPE = YES_ERROR;
				GCC_WARN_UNDECLARED_SELECTOR = YES;
				GCC_WARN_UNINITIALIZED_AUTOS = YES_AGGRESSIVE;
				GCC_WARN_UNUSED_FUNCTION = YES;
				GCC_WARN_UNUSED_VARIABLE = YES;
				IPHONEOS_DEPLOYMENT_TARGET = 13.0;
				MTL_ENABLE_DEBUG_INFO = INCLUDE_SOURCE;
				MTL_FAST_MATH = YES;
				ONLY_ACTIVE_ARCH = YES;
				SDKROOT = iphoneos;
				SWIFT_ACTIVE_COMPILATION_CONDITIONS = DEBUG;
				SWIFT_OPTIMIZATION_LEVEL = "-Onone";
			};
			name = Debug;
		};
		BDE47E5622B540F1003511C5 /* Release */ = {
			isa = XCBuildConfiguration;
			buildSettings = {
				ALWAYS_SEARCH_USER_PATHS = NO;
				CLANG_ANALYZER_NONNULL = YES;
				CLANG_ANALYZER_NUMBER_OBJECT_CONVERSION = YES_AGGRESSIVE;
				CLANG_CXX_LANGUAGE_STANDARD = "gnu++14";
				CLANG_CXX_LIBRARY = "libc++";
				CLANG_ENABLE_MODULES = YES;
				CLANG_ENABLE_OBJC_ARC = YES;
				CLANG_ENABLE_OBJC_WEAK = YES;
				CLANG_WARN_BLOCK_CAPTURE_AUTORELEASING = YES;
				CLANG_WARN_BOOL_CONVERSION = YES;
				CLANG_WARN_COMMA = YES;
				CLANG_WARN_CONSTANT_CONVERSION = YES;
				CLANG_WARN_DEPRECATED_OBJC_IMPLEMENTATIONS = YES;
				CLANG_WARN_DIRECT_OBJC_ISA_USAGE = YES_ERROR;
				CLANG_WARN_DOCUMENTATION_COMMENTS = YES;
				CLANG_WARN_EMPTY_BODY = YES;
				CLANG_WARN_ENUM_CONVERSION = YES;
				CLANG_WARN_INFINITE_RECURSION = YES;
				CLANG_WARN_INT_CONVERSION = YES;
				CLANG_WARN_NON_LITERAL_NULL_CONVERSION = YES;
				CLANG_WARN_OBJC_IMPLICIT_RETAIN_SELF = YES;
				CLANG_WARN_OBJC_LITERAL_CONVERSION = YES;
				CLANG_WARN_OBJC_ROOT_CLASS = YES_ERROR;
				CLANG_WARN_RANGE_LOOP_ANALYSIS = YES;
				CLANG_WARN_STRICT_PROTOTYPES = YES;
				CLANG_WARN_SUSPICIOUS_MOVE = YES;
				CLANG_WARN_UNGUARDED_AVAILABILITY = YES_AGGRESSIVE;
				CLANG_WARN_UNREACHABLE_CODE = YES;
				CLANG_WARN__DUPLICATE_METHOD_MATCH = YES;
				COPY_PHASE_STRIP = NO;
				DEBUG_INFORMATION_FORMAT = "dwarf-with-dsym";
				ENABLE_NS_ASSERTIONS = NO;
				ENABLE_STRICT_OBJC_MSGSEND = YES;
				GCC_C_LANGUAGE_STANDARD = gnu11;
				GCC_NO_COMMON_BLOCKS = YES;
				GCC_WARN_64_TO_32_BIT_CONVERSION = YES;
				GCC_WARN_ABOUT_RETURN_TYPE = YES_ERROR;
				GCC_WARN_UNDECLARED_SELECTOR = YES;
				GCC_WARN_UNINITIALIZED_AUTOS = YES_AGGRESSIVE;
				GCC_WARN_UNUSED_FUNCTION = YES;
				GCC_WARN_UNUSED_VARIABLE = YES;
				IPHONEOS_DEPLOYMENT_TARGET = 13.0;
				MTL_ENABLE_DEBUG_INFO = NO;
				MTL_FAST_MATH = YES;
				SDKROOT = iphoneos;
				SWIFT_COMPILATION_MODE = wholemodule;
				SWIFT_OPTIMIZATION_LEVEL = "-O";
				VALIDATE_PRODUCT = YES;
			};
			name = Release;
		};
		BDE47E5822B540F1003511C5 /* Debug */ = {
			isa = XCBuildConfiguration;
			buildSettings = {
				ASSETCATALOG_COMPILER_APPICON_NAME = AppIcon;
				CODE_SIGN_STYLE = Automatic;
				DEVELOPMENT_TEAM = SFNG7GVEK8;
				INFOPLIST_FILE = CollectionViewCompositionalLayout/Info.plist;
				LD_RUNPATH_SEARCH_PATHS = (
					"$(inherited)",
					"@executable_path/Frameworks",
				);
				PRODUCT_BUNDLE_IDENTIFIER = com.viswakodela.CollectionViewCompositionalLayout;
				PRODUCT_NAME = "$(TARGET_NAME)";
				SWIFT_VERSION = 5.0;
				TARGETED_DEVICE_FAMILY = "1,2";
			};
			name = Debug;
		};
		BDE47E5922B540F1003511C5 /* Release */ = {
			isa = XCBuildConfiguration;
			buildSettings = {
				ASSETCATALOG_COMPILER_APPICON_NAME = AppIcon;
				CODE_SIGN_STYLE = Automatic;
				DEVELOPMENT_TEAM = SFNG7GVEK8;
				INFOPLIST_FILE = CollectionViewCompositionalLayout/Info.plist;
				LD_RUNPATH_SEARCH_PATHS = (
					"$(inherited)",
					"@executable_path/Frameworks",
				);
				PRODUCT_BUNDLE_IDENTIFIER = com.viswakodela.CollectionViewCompositionalLayout;
				PRODUCT_NAME = "$(TARGET_NAME)";
				SWIFT_VERSION = 5.0;
				TARGETED_DEVICE_FAMILY = "1,2";
			};
			name = Release;
		};
/* End XCBuildConfiguration section */

/* Begin XCConfigurationList section */
		BDE47E3E22B540F0003511C5 /* Build configuration list for PBXProject "CollectionViewCompositionalLayout" */ = {
			isa = XCConfigurationList;
			buildConfigurations = (
				BDE47E5522B540F1003511C5 /* Debug */,
				BDE47E5622B540F1003511C5 /* Release */,
			);
			defaultConfigurationIsVisible = 0;
			defaultConfigurationName = Release;
		};
		BDE47E5722B540F1003511C5 /* Build configuration list for PBXNativeTarget "CollectionViewCompositionalLayout" */ = {
			isa = XCConfigurationList;
			buildConfigurations = (
				BDE47E5822B540F1003511C5 /* Debug */,
				BDE47E5922B540F1003511C5 /* Release */,
			);
			defaultConfigurationIsVisible = 0;
			defaultConfigurationName = Release;
		};
/* End XCConfigurationList section */
	};
	rootObject = BDE47E3B22B540F0003511C5 /* Project object */;
}
